
Microsoft Visual Studio Solution File, Format Version 12.00
# Visual Studio Version 16
VisualStudioVersion = 16.0.31019.35
MinimumVisualStudioVersion = 10.0.40219.1
Project("{FAE04EC0-301F-11D3-BF4B-00C04F79EFBC}") = "ejemplo 2", "ejemplo 2.csproj", "{179DD1DA-2ACA-44F3-B38E-D8ABA765CF4D}"
EndProject
Global
	GlobalSection(SolutionConfigurationPlatforms) = preSolution
		Debug|Any CPU = Debug|Any CPU
		Release|Any CPU = Release|Any CPU
	EndGlobalSection
	GlobalSection(ProjectConfigurationPlatforms) = postSolution
		{179DD1DA-2ACA-44F3-B38E-D8ABA765CF4D}.Debug|Any CPU.ActiveCfg = Debug|Any CPU
		{179DD1DA-2ACA-44F3-B38E-D8ABA765CF4D}.Debug|Any CPU.Build.0 = Debug|Any CPU
		{179DD1DA-2ACA-44F3-B38E-D8ABA765CF4D}.Release|Any CPU.ActiveCfg = Release|Any CPU
		{179DD1DA-2ACA-44F3-B38E-D8ABA765CF4D}.Release|Any CPU.Build.0 = Release|Any CPU
	EndGlobalSection
	GlobalSection(SolutionProperties) = preSolution
		HideSolutionNode = FALSE
	EndGlobalSection
	GlobalSection(ExtensibilityGlobals) = postSolution
		SolutionGuid = {F5B58264-905B-409C-BE1D-00C67D515D87}
	EndGlobalSection
EndGlobal
